
Microsoft Visual Studio Solution File, Format Version 10.00
# Visual Studio 2008
Project("{FAE04EC0-301F-11D3-BF4B-00C04F79EFBC}") = "BstkTypeLib", "BstkTypeLib.csproj", "{AAF30EA5-AFDB-425B-9E62-A4D40F2AEE59}"
EndProject
Global
	GlobalSection(SolutionConfigurationPlatforms) = preSolution
		Debug|Any CPU = Debug|Any CPU
		Release|Any CPU = Release|Any CPU
	EndGlobalSection
	GlobalSection(ProjectConfigurationPlatforms) = postSolution
		{AAF30EA5-AFDB-425B-9E62-A4D40F2AEE59}.Debug|Any CPU.ActiveCfg = Debug|Any CPU
		{AAF30EA5-AFDB-425B-9E62-A4D40F2AEE59}.Debug|Any CPU.Build.0 = Debug|Any CPU
		{AAF30EA5-AFDB-425B-9E62-A4D40F2AEE59}.Release|Any CPU.ActiveCfg = Release|Any CPU
		{AAF30EA5-AFDB-425B-9E62-A4D40F2AEE59}.Release|Any CPU.Build.0 = Release|Any CPU
	EndGlobalSection
	GlobalSection(SolutionProperties) = preSolution
		HideSolutionNode = FALSE
	EndGlobalSection
EndGlobal
